// !$*UTF8*$!
{
	archiveVersion = 1;
	classes = {
	};
	objectVersion = 46;
	objects = {

/* Begin PBXBuildFile section */
		969FAAEB1A58369F009A99C2 /* AppDelegate.swift in Sources */ = {isa = PBXBuildFile; fileRef = 969FAAEA1A58369F009A99C2 /* AppDelegate.swift */; };
		969FAAED1A58369F009A99C2 /* GameScene.sks in Resources */ = {isa = PBXBuildFile; fileRef = 969FAAEC1A58369F009A99C2 /* GameScene.sks */; };
		969FAAEF1A58369F009A99C2 /* GameScene.swift in Sources */ = {isa = PBXBuildFile; fileRef = 969FAAEE1A58369F009A99C2 /* GameScene.swift */; };
		969FAAF11A58369F009A99C2 /* GameViewController.swift in Sources */ = {isa = PBXBuildFile; fileRef = 969FAAF01A58369F009A99C2 /* GameViewController.swift */; };
		969FAAF41A58369F009A99C2 /* Main.storyboard in Resources */ = {isa = PBXBuildFile; fileRef = 969FAAF21A58369F009A99C2 /* Main.storyboard */; };
		969FAAF91A58369F009A99C2 /* LaunchScreen.xib in Resources */ = {isa = PBXBuildFile; fileRef = 969FAAF71A58369F009A99C2 /* LaunchScreen.xib */; };
		969FAB051A58369F009A99C2 /* GB2015Tests.swift in Sources */ = {isa = PBXBuildFile; fileRef = 969FAB041A58369F009A99C2 /* GB2015Tests.swift */; };
		96F9F0EE1A5C87A200833760 /* Media.xcassets in Resources */ = {isa = PBXBuildFile; fileRef = 96F9F0ED1A5C87A200833760 /* Media.xcassets */; };
		96F9F0F01A5C87C500833760 /* Images.xcassets in Resources */ = {isa = PBXBuildFile; fileRef = 96F9F0EF1A5C87C500833760 /* Images.xcassets */; };
/* End PBXBuildFile section */

/* Begin PBXContainerItemProxy section */
		969FAAFF1A58369F009A99C2 /* PBXContainerItemProxy */ = {
			isa = PBXContainerItemProxy;
			containerPortal = 969FAADD1A58369F009A99C2 /* Project object */;
			proxyType = 1;
			remoteGlobalIDString = 969FAAE41A58369F009A99C2;
			remoteInfo = GB2015;
		};
/* End PBXContainerItemProxy section */

/* Begin PBXFileReference section */
		969FAAE51A58369F009A99C2 /* GB2015.app */ = {isa = PBXFileReference; explicitFileType = wrapper.application; includeInIndex = 0; path = GB2015.app; sourceTree = BUILT_PRODUCTS_DIR; };
		969FAAE91A58369F009A99C2 /* Info.plist */ = {isa = PBXFileReference; lastKnownFileType = text.plist.xml; path = Info.plist; sourceTree = "<group>"; };
		969FAAEA1A58369F009A99C2 /* AppDelegate.swift */ = {isa = PBXFileReference; lastKnownFileType = sourcecode.swift; path = AppDelegate.swift; sourceTree = "<group>"; };
		969FAAEC1A58369F009A99C2 /* GameScene.sks */ = {isa = PBXFileReference; lastKnownFileType = file.sks; path = GameScene.sks; sourceTree = "<group>"; };
		969FAAEE1A58369F009A99C2 /* GameScene.swift */ = {isa = PBXFileReference; lastKnownFileType = sourcecode.swift; path = GameScene.swift; sourceTree = "<group>"; };
		969FAAF01A58369F009A99C2 /* GameViewController.swift */ = {isa = PBXFileReference; lastKnownFileType = sourcecode.swift; path = GameViewController.swift; sourceTree = "<group>"; };
		969FAAF31A58369F009A99C2 /* Base */ = {isa = PBXFileReference; lastKnownFileType = file.storyboard; name = Base; path = Base.lproj/Main.storyboard; sourceTree = "<group>"; };
		969FAAF81A58369F009A99C2 /* Base */ = {isa = PBXFileReference; lastKnownFileType = file.xib; name = Base; path = Base.lproj/LaunchScreen.xib; sourceTree = "<group>"; };
		969FAAFE1A58369F009A99C2 /* GB2015Tests.xctest */ = {isa = PBXFileReference; explicitFileType = wrapper.cfbundle; includeInIndex = 0; path = GB2015Tests.xctest; sourceTree = BUILT_PRODUCTS_DIR; };
		969FAB031A58369F009A99C2 /* Info.plist */ = {isa = PBXFileReference; lastKnownFileType = text.plist.xml; path = Info.plist; sourceTree = "<group>"; };
		969FAB041A58369F009A99C2 /* GB2015Tests.swift */ = {isa = PBXFileReference; lastKnownFileType = sourcecode.swift; path = GB2015Tests.swift; sourceTree = "<group>"; };
		96F9F0ED1A5C87A200833760 /* Media.xcassets */ = {isa = PBXFileReference; lastKnownFileType = folder.assetcatalog; path = Media.xcassets; sourceTree = "<group>"; };
		96F9F0EF1A5C87C500833760 /* Images.xcassets */ = {isa = PBXFileReference; lastKnownFileType = folder.assetcatalog; path = Images.xcassets; sourceTree = "<group>"; };
/* End PBXFileReference section */

/* Begin PBXFrameworksBuildPhase section */
		969FAAE21A58369F009A99C2 /* Frameworks */ = {
			isa = PBXFrameworksBuildPhase;
			buildActionMask = 2147483647;
			files = (
			);
			runOnlyForDeploymentPostprocessing = 0;
		};
		969FAAFB1A58369F009A99C2 /* Frameworks */ = {
			isa = PBXFrameworksBuildPhase;
			buildActionMask = 2147483647;
			files = (
			);
			runOnlyForDeploymentPostprocessing = 0;
		};
/* End PBXFrameworksBuildPhase section */

/* Begin PBXGroup section */
		969FAADC1A58369F009A99C2 = {
			isa = PBXGroup;
			children = (
				969FAAE71A58369F009A99C2 /* GB2015 */,
				969FAB011A58369F009A99C2 /* GB2015Tests */,
				969FAAE61A58369F009A99C2 /* Products */,
			);
			sourceTree = "<group>";
		};
		969FAAE61A58369F009A99C2 /* Products */ = {
			isa = PBXGroup;
			children = (
				969FAAE51A58369F009A99C2 /* GB2015.app */,
				969FAAFE1A58369F009A99C2 /* GB2015Tests.xctest */,
			);
			name = Products;
			sourceTree = "<group>";
		};
		969FAAE71A58369F009A99C2 /* GB2015 */ = {
			isa = PBXGroup;
			children = (
				96F9F0EF1A5C87C500833760 /* Images.xcassets */,
				969FAAEA1A58369F009A99C2 /* AppDelegate.swift */,
				969FAAEC1A58369F009A99C2 /* GameScene.sks */,
				969FAAEE1A58369F009A99C2 /* GameScene.swift */,
				969FAAF01A58369F009A99C2 /* GameViewController.swift */,
				969FAAF21A58369F009A99C2 /* Main.storyboard */,
				969FAAF71A58369F009A99C2 /* LaunchScreen.xib */,
				969FAAE81A58369F009A99C2 /* Supporting Files */,
				96F9F0ED1A5C87A200833760 /* Media.xcassets */,
			);
			path = GB2015;
			sourceTree = "<group>";
		};
		969FAAE81A58369F009A99C2 /* Supporting Files */ = {
			isa = PBXGroup;
			children = (
				969FAAE91A58369F009A99C2 /* Info.plist */,
			);
			name = "Supporting Files";
			sourceTree = "<group>";
		};
		969FAB011A58369F009A99C2 /* GB2015Tests */ = {
			isa = PBXGroup;
			children = (
				969FAB041A58369F009A99C2 /* GB2015Tests.swift */,
				969FAB021A58369F009A99C2 /* Supporting Files */,
			);
			path = GB2015Tests;
			sourceTree = "<group>";
		};
		969FAB021A58369F009A99C2 /* Supporting Files */ = {
			isa = PBXGroup;
			children = (
				969FAB031A58369F009A99C2 /* Info.plist */,
			);
			name = "Supporting Files";
			sourceTree = "<group>";
		};
/* End PBXGroup section */

/* Begin PBXNativeTarget section */
		969FAAE41A58369F009A99C2 /* GB2015 */ = {
			isa = PBXNativeTarget;
			buildConfigurationList = 969FAB081A58369F009A99C2 /* Build configuration list for PBXNativeTarget "GB2015" */;
			buildPhases = (
				969FAAE11A58369F009A99C2 /* Sources */,
				969FAAE21A58369F009A99C2 /* Frameworks */,
				969FAAE31A58369F009A99C2 /* Resources */,
			);
			buildRules = (
			);
			dependencies = (
			);
			name = GB2015;
			productName = GB2015;
			productReference = 969FAAE51A58369F009A99C2 /* GB2015.app */;
			productType = "com.apple.product-type.application";
		};
		969FAAFD1A58369F009A99C2 /* GB2015Tests */ = {
			isa = PBXNativeTarget;
			buildConfigurationList = 969FAB0B1A58369F009A99C2 /* Build configuration list for PBXNativeTarget "GB2015Tests" */;
			buildPhases = (
				969FAAFA1A58369F009A99C2 /* Sources */,
				969FAAFB1A58369F009A99C2 /* Frameworks */,
				969FAAFC1A58369F009A99C2 /* Resources */,
			);
			buildRules = (
			);
			dependencies = (
				969FAB001A58369F009A99C2 /* PBXTargetDependency */,
			);
			name = GB2015Tests;
			productName = GB2015Tests;
			productReference = 969FAAFE1A58369F009A99C2 /* GB2015Tests.xctest */;
			productType = "com.apple.product-type.bundle.unit-test";
		};
/* End PBXNativeTarget section */

/* Begin PBXProject section */
		969FAADD1A58369F009A99C2 /* Project object */ = {
			isa = PBXProject;
			attributes = {
				LastUpgradeCheck = 0610;
				ORGANIZATIONNAME = "Olof Rehnström";
				TargetAttributes = {
					969FAAE41A58369F009A99C2 = {
						CreatedOnToolsVersion = 6.1.1;
					};
					969FAAFD1A58369F009A99C2 = {
						CreatedOnToolsVersion = 6.1.1;
						TestTargetID = 969FAAE41A58369F009A99C2;
					};
				};
			};
			buildConfigurationList = 969FAAE01A58369F009A99C2 /* Build configuration list for PBXProject "GB2015" */;
			compatibilityVersion = "Xcode 3.2";
			developmentRegion = English;
			hasScannedForEncodings = 0;
			knownRegions = (
				en,
				Base,
			);
			mainGroup = 969FAADC1A58369F009A99C2;
			productRefGroup = 969FAAE61A58369F009A99C2 /* Products */;
			projectDirPath = "";
			projectRoot = "";
			targets = (
				969FAAE41A58369F009A99C2 /* GB2015 */,
				969FAAFD1A58369F009A99C2 /* GB2015Tests */,
			);
		};
/* End PBXProject section */

/* Begin PBXResourcesBuildPhase section */
		969FAAE31A58369F009A99C2 /* Resources */ = {
			isa = PBXResourcesBuildPhase;
			buildActionMask = 2147483647;
			files = (
				969FAAF91A58369F009A99C2 /* LaunchScreen.xib in Resources */,
				96F9F0F01A5C87C500833760 /* Images.xcassets in Resources */,
				969FAAED1A58369F009A99C2 /* GameScene.sks in Resources */,
				969FAAF41A58369F009A99C2 /* Main.storyboard in Resources */,
				96F9F0EE1A5C87A200833760 /* Media.xcassets in Resources */,
			);
			runOnlyForDeploymentPostprocessing = 0;
		};
		969FAAFC1A58369F009A99C2 /* Resources */ = {
			isa = PBXResourcesBuildPhase;
			buildActionMask = 2147483647;
			files = (
			);
			runOnlyForDeploymentPostprocessing = 0;
		};
/* End PBXResourcesBuildPhase section */

/* Begin PBXSourcesBuildPhase section */
		969FAAE11A58369F009A99C2 /* Sources */ = {
			isa = PBXSourcesBuildPhase;
			buildActionMask = 2147483647;
			files = (
				969FAAEF1A58369F009A99C2 /* GameScene.swift in Sources */,
				969FAAF11A58369F009A99C2 /* GameViewController.swift in Sources */,
				969FAAEB1A58369F009A99C2 /* AppDelegate.swift in Sources */,
			);
			runOnlyForDeploymentPostprocessing = 0;
		};
		969FAAFA1A58369F009A99C2 /* Sources */ = {
			isa = PBXSourcesBuildPhase;
			buildActionMask = 2147483647;
			files = (
				969FAB051A58369F009A99C2 /* GB2015Tests.swift in Sources */,
			);
			runOnlyForDeploymentPostprocessing = 0;
		};
/* End PBXSourcesBuildPhase section */

/* Begin PBXTargetDependency section */
		969FAB001A58369F009A99C2 /* PBXTargetDependency */ = {
			isa = PBXTargetDependency;
			target = 969FAAE41A58369F009A99C2 /* GB2015 */;
			targetProxy = 969FAAFF1A58369F009A99C2 /* PBXContainerItemProxy */;
		};
/* End PBXTargetDependency section */

/* Begin PBXVariantGroup section */
		969FAAF21A58369F009A99C2 /* Main.storyboard */ = {
			isa = PBXVariantGroup;
			children = (
				969FAAF31A58369F009A99C2 /* Base */,
			);
			name = Main.storyboard;
			sourceTree = "<group>";
		};
		969FAAF71A58369F009A99C2 /* LaunchScreen.xib */ = {
			isa = PBXVariantGroup;
			children = (
				969FAAF81A58369F009A99C2 /* Base */,
			);
			name = LaunchScreen.xib;
			sourceTree = "<group>";
		};
/* End PBXVariantGroup section */

/* Begin XCBuildConfiguration section */
		969FAB061A58369F009A99C2 /* Debug */ = {
			isa = XCBuildConfiguration;
			buildSettings = {
				ALWAYS_SEARCH_USER_PATHS = NO;
				CLANG_CXX_LANGUAGE_STANDARD = "gnu++0x";
				CLANG_CXX_LIBRARY = "libc++";
				CLANG_ENABLE_MODULES = YES;
				CLANG_ENABLE_OBJC_ARC = YES;
				CLANG_WARN_BOOL_CONVERSION = YES;
				CLANG_WARN_CONSTANT_CONVERSION = YES;
				CLANG_WARN_DIRECT_OBJC_ISA_USAGE = YES_ERROR;
				CLANG_WARN_EMPTY_BODY = YES;
				CLANG_WARN_ENUM_CONVERSION = YES;
				CLANG_WARN_INT_CONVERSION = YES;
				CLANG_WARN_OBJC_ROOT_CLASS = YES_ERROR;
				CLANG_WARN_UNREACHABLE_CODE = YES;
				CLANG_WARN__DUPLICATE_METHOD_MATCH = YES;
				"CODE_SIGN_IDENTITY[sdk=iphoneos*]" = "iPhone Developer";
				COPY_PHASE_STRIP = NO;
				ENABLE_STRICT_OBJC_MSGSEND = YES;
				GCC_C_LANGUAGE_STANDARD = gnu99;
				GCC_DYNAMIC_NO_PIC = NO;
				GCC_OPTIMIZATION_LEVEL = 0;
				GCC_PREPROCESSOR_DEFINITIONS = (
					"DEBUG=1",
					"$(inherited)",
				);
				GCC_SYMBOLS_PRIVATE_EXTERN = NO;
				GCC_WARN_64_TO_32_BIT_CONVERSION = YES;
				GCC_WARN_ABOUT_RETURN_TYPE = YES_ERROR;
				GCC_WARN_UNDECLARED_SELECTOR = YES;
				GCC_WARN_UNINITIALIZED_AUTOS = YES_AGGRESSIVE;
				GCC_WARN_UNUSED_FUNCTION = YES;
				GCC_WARN_UNUSED_VARIABLE = YES;
				IPHONEOS_DEPLOYMENT_TARGET = 8.1;
				MTL_ENABLE_DEBUG_INFO = YES;
				ONLY_ACTIVE_ARCH = YES;
				SDKROOT = iphoneos;
				SWIFT_OPTIMIZATION_LEVEL = "-Onone";
				TARGETED_DEVICE_FAMILY = "1,2";
			};
			name = Debug;
		};
		969FAB071A58369F009A99C2 /* Release */ = {
			isa = XCBuildConfiguration;
			buildSettings = {
				ALWAYS_SEARCH_USER_PATHS = NO;
				CLANG_CXX_LANGUAGE_STANDARD = "gnu++0x";
				CLANG_CXX_LIBRARY = "libc++";
				CLANG_ENABLE_MODULES = YES;
				CLANG_ENABLE_OBJC_ARC = YES;
				CLANG_WARN_BOOL_CONVERSION = YES;
				CLANG_WARN_CONSTANT_CONVERSION = YES;
				CLANG_WARN_DIRECT_OBJC_ISA_USAGE = YES_ERROR;
				CLANG_WARN_EMPTY_BODY = YES;
				CLANG_WARN_ENUM_CONVERSION = YES;
				CLANG_WARN_INT_CONVERSION = YES;
				CLANG_WARN_OBJC_ROOT_CLASS = YES_ERROR;
				CLANG_WARN_UNREACHABLE_CODE = YES;
				CLANG_WARN__DUPLICATE_METHOD_MATCH = YES;
				"CODE_SIGN_IDENTITY[sdk=iphoneos*]" = "iPhone Developer";
				COPY_PHASE_STRIP = YES;
				ENABLE_NS_ASSERTIONS = NO;
				ENABLE_STRICT_OBJC_MSGSEND = YES;
				GCC_C_LANGUAGE_STANDARD = gnu99;
				GCC_WARN_64_TO_32_BIT_CONVERSION = YES;
				GCC_WARN_ABOUT_RETURN_TYPE = YES_ERROR;
				GCC_WARN_UNDECLARED_SELECTOR = YES;
				GCC_WARN_UNINITIALIZED_AUTOS = YES_AGGRESSIVE;
				GCC_WARN_UNUSED_FUNCTION = YES;
				GCC_WARN_UNUSED_VARIABLE = YES;
				IPHONEOS_DEPLOYMENT_TARGET = 8.1;
				MTL_ENABLE_DEBUG_INFO = NO;
				SDKROOT = iphoneos;
				TARGETED_DEVICE_FAMILY = "1,2";
				VALIDATE_PRODUCT = YES;
			};
			name = Release;
		};
		969FAB091A58369F009A99C2 /* Debug */ = {
			isa = XCBuildConfiguration;
			buildSettings = {
				ASSETCATALOG_COMPILER_APPICON_NAME = AppIcon;
				INFOPLIST_FILE = GB2015/Info.plist;
				LD_RUNPATH_SEARCH_PATHS = "$(inherited) @executable_path/Frameworks";
				PRODUCT_NAME = "$(TARGET_NAME)";
				TARGETED_DEVICE_FAMILY = "1,2";
			};
			name = Debug;
		};
		969FAB0A1A58369F009A99C2 /* Release */ = {
			isa = XCBuildConfiguration;
			buildSettings = {
				ASSETCATALOG_COMPILER_APPICON_NAME = AppIcon;
				INFOPLIST_FILE = GB2015/Info.plist;
				LD_RUNPATH_SEARCH_PATHS = "$(inherited) @executable_path/Frameworks";
				PRODUCT_NAME = "$(TARGET_NAME)";
				TARGETED_DEVICE_FAMILY = "1,2";
			};
			name = Release;
		};
		969FAB0C1A58369F009A99C2 /* Debug */ = {
			isa = XCBuildConfiguration;
			buildSettings = {
				BUNDLE_LOADER = "$(TEST_HOST)";
				FRAMEWORK_SEARCH_PATHS = (
					"$(SDKROOT)/Developer/Library/Frameworks",
					"$(inherited)",
				);
				GCC_PREPROCESSOR_DEFINITIONS = (
					"DEBUG=1",
					"$(inherited)",
				);
				INFOPLIST_FILE = GB2015Tests/Info.plist;
				LD_RUNPATH_SEARCH_PATHS = "$(inherited) @executable_path/Frameworks @loader_path/Frameworks";
				PRODUCT_NAME = "$(TARGET_NAME)";
				TEST_HOST = "$(BUILT_PRODUCTS_DIR)/GB2015.app/GB2015";
			};
			name = Debug;
		};
		969FAB0D1A58369F009A99C2 /* Release */ = {
			isa = XCBuildConfiguration;
			buildSettings = {
				BUNDLE_LOADER = "$(TEST_HOST)";
				FRAMEWORK_SEARCH_PATHS = (
					"$(SDKROOT)/Developer/Library/Frameworks",
					"$(inherited)",
				);
				INFOPLIST_FILE = GB2015Tests/Info.plist;
				LD_RUNPATH_SEARCH_PATHS = "$(inherited) @executable_path/Frameworks @loader_path/Frameworks";
				PRODUCT_NAME = "$(TARGET_NAME)";
				TEST_HOST = "$(BUILT_PRODUCTS_DIR)/GB2015.app/GB2015";
			};
			name = Release;
		};
/* End XCBuildConfiguration section */

/* Begin XCConfigurationList section */
		969FAAE01A58369F009A99C2 /* Build configuration list for PBXProject "GB2015" */ = {
			isa = XCConfigurationList;
			buildConfigurations = (
				969FAB061A58369F009A99C2 /* Debug */,
				969FAB071A58369F009A99C2 /* Release */,
			);
			defaultConfigurationIsVisible = 0;
			defaultConfigurationName = Release;
		};
		969FAB081A58369F009A99C2 /* Build configuration list for PBXNativeTarget "GB2015" */ = {
			isa = XCConfigurationList;
			buildConfigurations = (
				969FAB091A58369F009A99C2 /* Debug */,
				969FAB0A1A58369F009A99C2 /* Release */,
			);
			defaultConfigurationIsVisible = 0;
			defaultConfigurationName = Release;
		};
		969FAB0B1A58369F009A99C2 /* Build configuration list for PBXNativeTarget "GB2015Tests" */ = {
			isa = XCConfigurationList;
			buildConfigurations = (
				969FAB0C1A58369F009A99C2 /* Debug */,
				969FAB0D1A58369F009A99C2 /* Release */,
			);
			defaultConfigurationIsVisible = 0;
			defaultConfigurationName = Release;
		};
/* End XCConfigurationList section */
	};
	rootObject = 969FAADD1A58369F009A99C2 /* Project object */;
}
